
Microsoft Visual Studio Solution File, Format Version 12.00
# Visual Studio Version 17
VisualStudioVersion = 17.10.35004.147
MinimumVisualStudioVersion = 10.0.40219.1
Project("{FAE04EC0-301F-11D3-BF4B-00C04F79EFBC}") = "MauiExample", "MauiExample\MauiExample.csproj", "{184BD46A-A8C3-40EE-BA45-4D6426259BB6}"
EndProject
Global
	GlobalSection(SolutionConfigurationPlatforms) = preSolution
		Debug|Any CPU = Debug|Any CPU
		Release|Any CPU = Release|Any CPU
	EndGlobalSection
	GlobalSection(ProjectConfigurationPlatforms) = postSolution
		{184BD46A-A8C3-40EE-BA45-4D6426259BB6}.Debug|Any CPU.ActiveCfg = Debug|Any CPU
		{184BD46A-A8C3-40EE-BA45-4D6426259BB6}.Debug|Any CPU.Build.0 = Debug|Any CPU
		{184BD46A-A8C3-40EE-BA45-4D6426259BB6}.Debug|Any CPU.Deploy.0 = Debug|Any CPU
		{184BD46A-A8C3-40EE-BA45-4D6426259BB6}.Release|Any CPU.ActiveCfg = Release|Any CPU
		{184BD46A-A8C3-40EE-BA45-4D6426259BB6}.Release|Any CPU.Build.0 = Release|Any CPU
		{184BD46A-A8C3-40EE-BA45-4D6426259BB6}.Release|Any CPU.Deploy.0 = Release|Any CPU
	EndGlobalSection
	GlobalSection(SolutionProperties) = preSolution
		HideSolutionNode = FALSE
	EndGlobalSection
	GlobalSection(ExtensibilityGlobals) = postSolution
		SolutionGuid = {25749886-3E3E-4C6E-A435-C36C515D28E4}
	EndGlobalSection
EndGlobal
